# THIS IS AN AUTOGENERATED FILE. DO NOT EDIT THIS FILE DIRECTLY.
# yarn lockfile v1


"@inquirer/checkbox@^3.0.1":
  "integrity" "sha512-0hm2nrToWUdD6/UHnel/UKGdk1//ke5zGUpHIvk5ZWmaKezlGxZkOJXNSWsdxO/rEqTkbB3lNC2J6nBElV2aAQ=="
  "resolved" "https://registry.npmjs.org/@inquirer/checkbox/-/checkbox-3.0.1.tgz"
  "version" "3.0.1"
  dependencies:
    "@inquirer/core" "^9.2.1"
    "@inquirer/figures" "^1.0.6"
    "@inquirer/type" "^2.0.0"
    "ansi-escapes" "^4.3.2"
    "yoctocolors-cjs" "^2.1.2"

"@inquirer/confirm@^4.0.1":
  "integrity" "sha512-46yL28o2NJ9doViqOy0VDcoTzng7rAb6yPQKU7VDLqkmbCaH4JqK4yk4XqlzNWy9PVC5pG1ZUXPBQv+VqnYs2w=="
  "resolved" "https://registry.npmjs.org/@inquirer/confirm/-/confirm-4.0.1.tgz"
  "version" "4.0.1"
  dependencies:
    "@inquirer/core" "^9.2.1"
    "@inquirer/type" "^2.0.0"

"@inquirer/core@^9.2.1":
  "integrity" "sha512-F2VBt7W/mwqEU4bL0RnHNZmC/OxzNx9cOYxHqnXX3MP6ruYvZUZAW9imgN9+h/uBT/oP8Gh888J2OZSbjSeWcg=="
  "resolved" "https://registry.npmjs.org/@inquirer/core/-/core-9.2.1.tgz"
  "version" "9.2.1"
  dependencies:
    "@inquirer/figures" "^1.0.6"
    "@inquirer/type" "^2.0.0"
    "@types/mute-stream" "^0.0.4"
    "@types/node" "^22.5.5"
    "@types/wrap-ansi" "^3.0.0"
    "ansi-escapes" "^4.3.2"
    "cli-width" "^4.1.0"
    "mute-stream" "^1.0.0"
    "signal-exit" "^4.1.0"
    "strip-ansi" "^6.0.1"
    "wrap-ansi" "^6.2.0"
    "yoctocolors-cjs" "^2.1.2"

"@inquirer/editor@^3.0.1":
  "integrity" "sha512-VA96GPFaSOVudjKFraokEEmUQg/Lub6OXvbIEZU1SDCmBzRkHGhxoFAVaF30nyiB4m5cEbDgiI2QRacXZ2hw9Q=="
  "resolved" "https://registry.npmjs.org/@inquirer/editor/-/editor-3.0.1.tgz"
  "version" "3.0.1"
  dependencies:
    "@inquirer/core" "^9.2.1"
    "@inquirer/type" "^2.0.0"
    "external-editor" "^3.1.0"

"@inquirer/expand@^3.0.1":
  "integrity" "sha512-ToG8d6RIbnVpbdPdiN7BCxZGiHOTomOX94C2FaT5KOHupV40tKEDozp12res6cMIfRKrXLJyexAZhWVHgbALSQ=="
  "resolved" "https://registry.npmjs.org/@inquirer/expand/-/expand-3.0.1.tgz"
  "version" "3.0.1"
  dependencies:
    "@inquirer/core" "^9.2.1"
    "@inquirer/type" "^2.0.0"
    "yoctocolors-cjs" "^2.1.2"

"@inquirer/figures@^1.0.6":
  "integrity" "sha512-yfZzps3Cso2UbM7WlxKwZQh2Hs6plrbjs1QnzQDZhK2DgyCo6D8AaHps9olkNcUFlcYERMqU3uJSp1gmy3s/qQ=="
  "resolved" "https://registry.npmjs.org/@inquirer/figures/-/figures-1.0.6.tgz"
  "version" "1.0.6"

"@inquirer/input@^3.0.1":
  "integrity" "sha512-BDuPBmpvi8eMCxqC5iacloWqv+5tQSJlUafYWUe31ow1BVXjW2a5qe3dh4X/Z25Wp22RwvcaLCc2siHobEOfzg=="
  "resolved" "https://registry.npmjs.org/@inquirer/input/-/input-3.0.1.tgz"
  "version" "3.0.1"
  dependencies:
    "@inquirer/core" "^9.2.1"
    "@inquirer/type" "^2.0.0"

"@inquirer/number@^2.0.1":
  "integrity" "sha512-QpR8jPhRjSmlr/mD2cw3IR8HRO7lSVOnqUvQa8scv1Lsr3xoAMMworcYW3J13z3ppjBFBD2ef1Ci6AE5Qn8goQ=="
  "resolved" "https://registry.npmjs.org/@inquirer/number/-/number-2.0.1.tgz"
  "version" "2.0.1"
  dependencies:
    "@inquirer/core" "^9.2.1"
    "@inquirer/type" "^2.0.0"

"@inquirer/password@^3.0.1":
  "integrity" "sha512-haoeEPUisD1NeE2IanLOiFr4wcTXGWrBOyAyPZi1FfLJuXOzNmxCJPgUrGYKVh+Y8hfGJenIfz5Wb/DkE9KkMQ=="
  "resolved" "https://registry.npmjs.org/@inquirer/password/-/password-3.0.1.tgz"
  "version" "3.0.1"
  dependencies:
    "@inquirer/core" "^9.2.1"
    "@inquirer/type" "^2.0.0"
    "ansi-escapes" "^4.3.2"

"@inquirer/prompts@^6.0.1":
  "integrity" "sha512-yl43JD/86CIj3Mz5mvvLJqAOfIup7ncxfJ0Btnl0/v5TouVUyeEdcpknfgc+yMevS/48oH9WAkkw93m7otLb/A=="
  "resolved" "https://registry.npmjs.org/@inquirer/prompts/-/prompts-6.0.1.tgz"
  "version" "6.0.1"
  dependencies:
    "@inquirer/checkbox" "^3.0.1"
    "@inquirer/confirm" "^4.0.1"
    "@inquirer/editor" "^3.0.1"
    "@inquirer/expand" "^3.0.1"
    "@inquirer/input" "^3.0.1"
    "@inquirer/number" "^2.0.1"
    "@inquirer/password" "^3.0.1"
    "@inquirer/rawlist" "^3.0.1"
    "@inquirer/search" "^2.0.1"
    "@inquirer/select" "^3.0.1"

"@inquirer/rawlist@^3.0.1":
  "integrity" "sha512-VgRtFIwZInUzTiPLSfDXK5jLrnpkuSOh1ctfaoygKAdPqjcjKYmGh6sCY1pb0aGnCGsmhUxoqLDUAU0ud+lGXQ=="
  "resolved" "https://registry.npmjs.org/@inquirer/rawlist/-/rawlist-3.0.1.tgz"
  "version" "3.0.1"
  dependencies:
    "@inquirer/core" "^9.2.1"
    "@inquirer/type" "^2.0.0"
    "yoctocolors-cjs" "^2.1.2"

"@inquirer/search@^2.0.1":
  "integrity" "sha512-r5hBKZk3g5MkIzLVoSgE4evypGqtOannnB3PKTG9NRZxyFRKcfzrdxXXPcoJQsxJPzvdSU2Rn7pB7lw0GCmGAg=="
  "resolved" "https://registry.npmjs.org/@inquirer/search/-/search-2.0.1.tgz"
  "version" "2.0.1"
  dependencies:
    "@inquirer/core" "^9.2.1"
    "@inquirer/figures" "^1.0.6"
    "@inquirer/type" "^2.0.0"
    "yoctocolors-cjs" "^2.1.2"

"@inquirer/select@^3.0.1":
  "integrity" "sha512-lUDGUxPhdWMkN/fHy1Lk7pF3nK1fh/gqeyWXmctefhxLYxlDsc7vsPBEpxrfVGDsVdyYJsiJoD4bJ1b623cV1Q=="
  "resolved" "https://registry.npmjs.org/@inquirer/select/-/select-3.0.1.tgz"
  "version" "3.0.1"
  dependencies:
    "@inquirer/core" "^9.2.1"
    "@inquirer/figures" "^1.0.6"
    "@inquirer/type" "^2.0.0"
    "ansi-escapes" "^4.3.2"
    "yoctocolors-cjs" "^2.1.2"

"@inquirer/type@^2.0.0":
  "integrity" "sha512-XvJRx+2KR3YXyYtPUUy+qd9i7p+GO9Ko6VIIpWlBrpWwXDv8WLFeHTxz35CfQFUiBMLXlGHhGzys7lqit9gWag=="
  "resolved" "https://registry.npmjs.org/@inquirer/type/-/type-2.0.0.tgz"
  "version" "2.0.0"
  dependencies:
    "mute-stream" "^1.0.0"

"@types/mute-stream@^0.0.4":
  "integrity" "sha512-CPM9nzrCPPJHQNA9keH9CVkVI+WR5kMa+7XEs5jcGQ0VoAGnLv242w8lIVgwAEfmE4oufJRaTc9PNLQl0ioAow=="
  "resolved" "https://registry.npmjs.org/@types/mute-stream/-/mute-stream-0.0.4.tgz"
  "version" "0.0.4"
  dependencies:
    "@types/node" "*"

"@types/node@*", "@types/node@^22.5.5":
  "integrity" "sha512-y+NPi1rFzDs1NdQHHToqeiX2TIS79SWEAw9GYhkkx8bD0ChpfqC+n2j5OXOCpzfojBEBt6DnEnnG9MY0zk1XLg=="
  "resolved" "https://registry.npmjs.org/@types/node/-/node-22.7.4.tgz"
  "version" "22.7.4"
  dependencies:
    "undici-types" "~6.19.2"

"@types/wrap-ansi@^3.0.0":
  "integrity" "sha512-ltIpx+kM7g/MLRZfkbL7EsCEjfzCcScLpkg37eXEtx5kmrAKBkTJwd1GIAjDSL8wTpM6Hzn5YO4pSb91BEwu1g=="
  "resolved" "https://registry.npmjs.org/@types/wrap-ansi/-/wrap-ansi-3.0.0.tgz"
  "version" "3.0.0"

"ansi-escapes@^4.3.2":
  "integrity" "sha512-gKXj5ALrKWQLsYG9jlTRmR/xKluxHV+Z9QEwNIgCfM1/uwPMCuzVVnh5mwTd+OuBZcwSIMbqssNWRm1lE51QaQ=="
  "resolved" "https://registry.npmjs.org/ansi-escapes/-/ansi-escapes-4.3.2.tgz"
  "version" "4.3.2"
  dependencies:
    "type-fest" "^0.21.3"

"ansi-regex@^5.0.1":
  "integrity" "sha512-quJQXlTSUGL2LH9SUXo8VwsY4soanhgo6LNSm84E1LBcE8s3O0wpdiRzyR9z/ZZJMlMWv37qOOb9pdJlMUEKFQ=="
  "resolved" "https://registry.npmjs.org/ansi-regex/-/ansi-regex-5.0.1.tgz"
  "version" "5.0.1"

"ansi-styles@^4.0.0", "ansi-styles@^4.1.0":
  "integrity" "sha512-zbB9rCJAT1rbjiVDb2hqKFHNYLxgtk8NURxZ3IZwD3F6NtxbXZQCnnSi1Lkx+IDohdPlFp222wVALIheZJQSEg=="
  "resolved" "https://registry.npmjs.org/ansi-styles/-/ansi-styles-4.3.0.tgz"
  "version" "4.3.0"
  dependencies:
    "color-convert" "^2.0.1"

"balanced-match@^1.0.0":
  "integrity" "sha512-3oSeUO0TMV67hN1AmbXsK4yaqU7tjiHlbxRDZOpH0KW9+CeX4bRAaX0Anxt0tx2MrpRpWwQaPwIlISEJhYU5Pw=="
  "resolved" "https://registry.npmjs.org/balanced-match/-/balanced-match-1.0.2.tgz"
  "version" "1.0.2"

"brace-expansion@^1.1.7":
  "integrity" "sha512-iCuPHDFgrHX7H2vEI/5xpz07zSHB00TpugqhmYtVmMO6518mCuRMoOYFldEBl0g187ufozdaHgWKcYFb61qGiA=="
  "resolved" "https://registry.npmjs.org/brace-expansion/-/brace-expansion-1.1.11.tgz"
  "version" "1.1.11"
  dependencies:
    "balanced-match" "^1.0.0"
    "concat-map" "0.0.1"

"chalk@^4.1.0":
  "integrity" "sha512-oKnbhFyRIXpUuez8iBMmyEa4nbj4IOQyuhc/wy9kY7/WVPcwIO9VA668Pu8RkO7+0G76SLROeyw9CpQ061i4mA=="
  "resolved" "https://registry.npmjs.org/chalk/-/chalk-4.1.2.tgz"
  "version" "4.1.2"
  dependencies:
    "ansi-styles" "^4.1.0"
    "supports-color" "^7.1.0"

"chardet@^0.7.0":
  "integrity" "sha512-mT8iDcrh03qDGRRmoA2hmBJnxpllMR+0/0qlzjqZES6NdiWDcZkCNAk4rPFZ9Q85r27unkiNNg8ZOiwZXBHwcA=="
  "resolved" "https://registry.npmjs.org/chardet/-/chardet-0.7.0.tgz"
  "version" "0.7.0"

"cli-width@^4.1.0":
  "integrity" "sha512-ouuZd4/dm2Sw5Gmqy6bGyNNNe1qt9RpmxveLSO7KcgsTnU7RXfsw+/bukWGo1abgBiMAic068rclZsO4IWmmxQ=="
  "resolved" "https://registry.npmjs.org/cli-width/-/cli-width-4.1.0.tgz"
  "version" "4.1.0"

"cliui@^7.0.2":
  "integrity" "sha512-OcRE68cOsVMXp1Yvonl/fzkQOyjLSu/8bhPDfQt0e0/Eb283TKP20Fs2MqoPsr9SwA595rRCA+QMzYc9nBP+JQ=="
  "resolved" "https://registry.npmjs.org/cliui/-/cliui-7.0.4.tgz"
  "version" "7.0.4"
  dependencies:
    "string-width" "^4.2.0"
    "strip-ansi" "^6.0.0"
    "wrap-ansi" "^7.0.0"

"color-convert@^2.0.1":
  "integrity" "sha512-RRECPsj7iu/xb5oKYcsFHSppFNnsj/52OVTRKb4zP5onXwVF3zVmmToNcOfGC+CRDpfK/U584fMg38ZHCaElKQ=="
  "resolved" "https://registry.npmjs.org/color-convert/-/color-convert-2.0.1.tgz"
  "version" "2.0.1"
  dependencies:
    "color-name" "~1.1.4"

"color-name@~1.1.4":
  "integrity" "sha512-dOy+3AuW3a2wNbZHIuMZpTcgjGuLU/uBL/ubcZF9OXbDo8ff4O8yVp5Bf0efS8uEoYo5q4Fx7dY9OgQGXgAsQA=="
  "resolved" "https://registry.npmjs.org/color-name/-/color-name-1.1.4.tgz"
  "version" "1.1.4"

"concat-map@0.0.1":
  "integrity" "sha512-/Srv4dswyQNBfohGpz9o6Yb3Gz3SrUDqBH5rTuhGR7ahtlbYKnVxw2bCFMRljaA7EXHaXZ8wsHdodFvbkhKmqg=="
  "resolved" "https://registry.npmjs.org/concat-map/-/concat-map-0.0.1.tgz"
  "version" "0.0.1"

"emoji-regex@^8.0.0":
  "integrity" "sha512-MSjYzcWNOA0ewAHpz0MxpYFvwg6yjy1NG3xteoqz644VCo/RPgnr1/GGt+ic3iJTzQ8Eu3TdM14SawnVUmGE6A=="
  "resolved" "https://registry.npmjs.org/emoji-regex/-/emoji-regex-8.0.0.tgz"
  "version" "8.0.0"

"escalade@^3.1.1":
  "integrity" "sha512-WUj2qlxaQtO4g6Pq5c29GTcWGDyd8itL8zTlipgECz3JesAiiOKotd8JU6otB3PACgG6xkJUyVhboMS+bje/jA=="
  "resolved" "https://registry.npmjs.org/escalade/-/escalade-3.2.0.tgz"
  "version" "3.2.0"

"external-editor@^3.1.0":
  "integrity" "sha512-hMQ4CX1p1izmuLYyZqLMO/qGNw10wSv9QDCPfzXfyFrOaCSSoRfqE1Kf1s5an66J5JZC62NewG+mK49jOCtQew=="
  "resolved" "https://registry.npmjs.org/external-editor/-/external-editor-3.1.0.tgz"
  "version" "3.1.0"
  dependencies:
    "chardet" "^0.7.0"
    "iconv-lite" "^0.4.24"
    "tmp" "^0.0.33"

"fs.realpath@^1.0.0":
  "integrity" "sha512-OO0pH2lK6a0hZnAdau5ItzHPI6pUlvI7jMVnxUQRtw4owF2wk8lOSabtGDCTP4Ggrg2MbGnWO9X8K1t4+fGMDw=="
  "resolved" "https://registry.npmjs.org/fs.realpath/-/fs.realpath-1.0.0.tgz"
  "version" "1.0.0"

"function-bind@^1.1.2":
  "integrity" "sha512-7XHNxH7qX9xG5mIwxkhumTox/MIRNcOgDrxWsMt2pAr23WHp6MrRlN7FBSFpCpr+oVO0F744iUgR82nJMfG2SA=="
  "resolved" "https://registry.npmjs.org/function-bind/-/function-bind-1.1.2.tgz"
  "version" "1.1.2"

"get-caller-file@^2.0.5":
  "integrity" "sha512-DyFP3BM/3YHTQOCUL/w0OZHR0lpKeGrxotcHWcqNEdnltqFwXVfhEBQ94eIo34AfQpo0rGki4cyIiftY06h2Fg=="
  "resolved" "https://registry.npmjs.org/get-caller-file/-/get-caller-file-2.0.5.tgz"
  "version" "2.0.5"

"glob@^7.0.0":
  "integrity" "sha512-nFR0zLpU2YCaRxwoCJvL6UvCH2JFyFVIvwTLsIf21AuHlMskA1hhTdk+LlYJtOlYt9v6dvszD2BGRqBL+iQK9Q=="
  "resolved" "https://registry.npmjs.org/glob/-/glob-7.2.3.tgz"
  "version" "7.2.3"
  dependencies:
    "fs.realpath" "^1.0.0"
    "inflight" "^1.0.4"
    "inherits" "2"
    "minimatch" "^3.1.1"
    "once" "^1.3.0"
    "path-is-absolute" "^1.0.0"

"has-flag@^4.0.0":
  "integrity" "sha512-EykJT/Q1KjTWctppgIAgfSO0tKVuZUjhgMr17kqTumMl6Afv3EISleU7qZUzoXDFTAHTDC4NOoG/ZxU3EvlMPQ=="
  "resolved" "https://registry.npmjs.org/has-flag/-/has-flag-4.0.0.tgz"
  "version" "4.0.0"

"hasown@^2.0.2":
  "integrity" "sha512-0hJU9SCPvmMzIBdZFqNPXWa6dqh7WdH0cII9y+CyS8rG3nL48Bclra9HmKhVVUHyPWNH5Y7xDwAB7bfgSjkUMQ=="
  "resolved" "https://registry.npmjs.org/hasown/-/hasown-2.0.2.tgz"
  "version" "2.0.2"
  dependencies:
    "function-bind" "^1.1.2"

"iconv-lite@^0.4.24":
  "integrity" "sha512-v3MXnZAcvnywkTUEZomIActle7RXXeedOR31wwl7VlyoXO4Qi9arvSenNQWne1TcRwhCL1HwLI21bEqdpj8/rA=="
  "resolved" "https://registry.npmjs.org/iconv-lite/-/iconv-lite-0.4.24.tgz"
  "version" "0.4.24"
  dependencies:
    "safer-buffer" ">= 2.1.2 < 3"

"inflight@^1.0.4":
  "integrity" "sha512-k92I/b08q4wvFscXCLvqfsHCrjrF7yiXsQuIVvVE7N82W3+aqpzuUdBbfhWcy/FZR3/4IgflMgKLOsvPDrGCJA=="
  "resolved" "https://registry.npmjs.org/inflight/-/inflight-1.0.6.tgz"
  "version" "1.0.6"
  dependencies:
    "once" "^1.3.0"
    "wrappy" "1"

"inherits@2":
  "integrity" "sha512-k/vGaX4/Yla3WzyMCvTQOXYeIHvqOKtnqBduzTHpzpQZzAskKMhZ2K+EnBiSM9zGSoIFeMpXKxa4dYeZIQqewQ=="
  "resolved" "https://registry.npmjs.org/inherits/-/inherits-2.0.4.tgz"
  "version" "2.0.4"

"inquirer@^11.1.0":
  "integrity" "sha512-CmLAZT65GG/v30c+D2Fk8+ceP6pxD6RL+hIUOWAltCmeyEqWYwqu9v76q03OvjyZ3AB0C1Ala2stn1z/rMqGEw=="
  "resolved" "https://registry.npmjs.org/inquirer/-/inquirer-11.1.0.tgz"
  "version" "11.1.0"
  dependencies:
    "@inquirer/core" "^9.2.1"
    "@inquirer/prompts" "^6.0.1"
    "@inquirer/type" "^2.0.0"
    "@types/mute-stream" "^0.0.4"
    "ansi-escapes" "^4.3.2"
    "mute-stream" "^1.0.0"
    "run-async" "^3.0.0"
    "rxjs" "^7.8.1"

"interpret@^1.0.0":
  "integrity" "sha512-agE4QfB2Lkp9uICn7BAqoscw4SZP9kTE2hxiFI3jBPmXJfdqiahTbUuKGsMoN2GtqL9AxhYioAcVvgsb1HvRbA=="
  "resolved" "https://registry.npmjs.org/interpret/-/interpret-1.4.0.tgz"
  "version" "1.4.0"

"is-core-module@^2.13.0":
  "integrity" "sha512-z0vtXSwucUJtANQWldhbtbt7BnL0vxiFjIdDLAatwhDYty2bad6s+rijD6Ri4YuYJubLzIJLUidCh09e1djEVQ=="
  "resolved" "https://registry.npmjs.org/is-core-module/-/is-core-module-2.15.1.tgz"
  "version" "2.15.1"
  dependencies:
    "hasown" "^2.0.2"

"is-fullwidth-code-point@^3.0.0":
  "integrity" "sha512-zymm5+u+sCsSWyD9qNaejV3DFvhCKclKdizYaJUuHA83RLjb7nSuGnddCHGv0hk+KY7BMAlsWeK4Ueg6EV6XQg=="
  "resolved" "https://registry.npmjs.org/is-fullwidth-code-point/-/is-fullwidth-code-point-3.0.0.tgz"
  "version" "3.0.0"

"lodash@^4.17.21":
  "integrity" "sha512-v2kDEe57lecTulaDIuNTPy3Ry4gLGJ6Z1O3vE1krgXZNrsQ+LFTGHVxVjcXPs17LhbZVGedAJv8XZ1tvj5FvSg=="
  "resolved" "https://registry.npmjs.org/lodash/-/lodash-4.17.21.tgz"
  "version" "4.17.21"

"minimatch@^3.1.1":
  "integrity" "sha512-J7p63hRiAjw1NDEww1W7i37+ByIrOWO5XQQAzZ3VOcL0PNybwpfmV/N05zFAzwQ9USyEcX6t3UO+K5aqBQOIHw=="
  "resolved" "https://registry.npmjs.org/minimatch/-/minimatch-3.1.2.tgz"
  "version" "3.1.2"
  dependencies:
    "brace-expansion" "^1.1.7"

"mute-stream@^1.0.0":
  "integrity" "sha512-avsJQhyd+680gKXyG/sQc0nXaC6rBkPOfyHYcFb9+hdkqQkR9bdnkJ0AMZhke0oesPqIO+mFFJ+IdBc7mst4IA=="
  "resolved" "https://registry.npmjs.org/mute-stream/-/mute-stream-1.0.0.tgz"
  "version" "1.0.0"

"once@^1.3.0":
  "integrity" "sha512-lNaJgI+2Q5URQBkccEKHTQOPaXdUxnZZElQTZY0MFUAuaEqe1E+Nyvgdz/aIyNi6Z9MzO5dv1H8n58/GELp3+w=="
  "resolved" "https://registry.npmjs.org/once/-/once-1.4.0.tgz"
  "version" "1.4.0"
  dependencies:
    "wrappy" "1"

"os-tmpdir@~1.0.2":
  "integrity" "sha512-D2FR03Vir7FIu45XBY20mTb+/ZSWB00sjU9jdQXt83gDrI4Ztz5Fs7/yy74g2N5SVQY4xY1qDr4rNddwYRVX0g=="
  "resolved" "https://registry.npmjs.org/os-tmpdir/-/os-tmpdir-1.0.2.tgz"
  "version" "1.0.2"

"path-is-absolute@^1.0.0":
  "integrity" "sha512-AVbw3UJ2e9bq64vSaS9Am0fje1Pa8pbGqTTsmXfaIiMpnr5DlDhfJOuLj9Sf95ZPVDAUerDfEk88MPmPe7UCQg=="
  "resolved" "https://registry.npmjs.org/path-is-absolute/-/path-is-absolute-1.0.1.tgz"
  "version" "1.0.1"

"path-parse@^1.0.7":
  "integrity" "sha512-LDJzPVEEEPR+y48z93A0Ed0yXb8pAByGWo/k5YYdYgpY2/2EsOsksJrq7lOHxryrVOn1ejG6oAp8ahvOIQD8sw=="
  "resolved" "https://registry.npmjs.org/path-parse/-/path-parse-1.0.7.tgz"
  "version" "1.0.7"

"rechoir@^0.6.2":
  "integrity" "sha512-HFM8rkZ+i3zrV+4LQjwQ0W+ez98pApMGM3HUrN04j3CqzPOzl9nmP15Y8YXNm8QHGv/eacOVEjqhmWpkRV0NAw=="
  "resolved" "https://registry.npmjs.org/rechoir/-/rechoir-0.6.2.tgz"
  "version" "0.6.2"
  dependencies:
    "resolve" "^1.1.6"

"require-directory@^2.1.1":
  "integrity" "sha512-fGxEI7+wsG9xrvdjsrlmL22OMTTiHRwAMroiEeMgq8gzoLC/PQr7RsRDSTLUg/bZAZtF+TVIkHc6/4RIKrui+Q=="
  "resolved" "https://registry.npmjs.org/require-directory/-/require-directory-2.1.1.tgz"
  "version" "2.1.1"

"resolve@^1.1.6":
  "integrity" "sha512-oKWePCxqpd6FlLvGV1VU0x7bkPmmCNolxzjMf4NczoDnQcIWrAF+cPtZn5i6n+RfD2d9i0tzpKnG6Yk168yIyw=="
  "resolved" "https://registry.npmjs.org/resolve/-/resolve-1.22.8.tgz"
  "version" "1.22.8"
  dependencies:
    "is-core-module" "^2.13.0"
    "path-parse" "^1.0.7"
    "supports-preserve-symlinks-flag" "^1.0.0"

"run-async@^3.0.0":
  "integrity" "sha512-540WwVDOMxA6dN6We19EcT9sc3hkXPw5mzRNGM3FkdN/vtE9NFvj5lFAPNwUDmJjXidm3v7TC1cTE7t17Ulm1Q=="
  "resolved" "https://registry.npmjs.org/run-async/-/run-async-3.0.0.tgz"
  "version" "3.0.0"

"rxjs@^7.8.1":
  "integrity" "sha512-AA3TVj+0A2iuIoQkWEK/tqFjBq2j+6PO6Y0zJcvzLAFhEFIO3HL0vls9hWLncZbAAbK0mar7oZ4V079I/qPMxg=="
  "resolved" "https://registry.npmjs.org/rxjs/-/rxjs-7.8.1.tgz"
  "version" "7.8.1"
  dependencies:
    "tslib" "^2.1.0"

"safer-buffer@>= 2.1.2 < 3":
  "integrity" "sha512-YZo3K82SD7Riyi0E1EQPojLz7kpepnSQI9IyPbHHg1XXXevb5dJI7tpyN2ADxGcQbHG7vcyRHk0cbwqcQriUtg=="
  "resolved" "https://registry.npmjs.org/safer-buffer/-/safer-buffer-2.1.2.tgz"
  "version" "2.1.2"

"shelljs@^0.8.5":
  "integrity" "sha512-TiwcRcrkhHvbrZbnRcFYMLl30Dfov3HKqzp5tO5b4pt6G/SezKcYhmDg15zXVBswHmctSAQKznqNW2LO5tTDow=="
  "resolved" "https://registry.npmjs.org/shelljs/-/shelljs-0.8.5.tgz"
  "version" "0.8.5"
  dependencies:
    "glob" "^7.0.0"
    "interpret" "^1.0.0"
    "rechoir" "^0.6.2"

"signal-exit@^4.1.0":
  "integrity" "sha512-bzyZ1e88w9O1iNJbKnOlvYTrWPDl46O1bG0D3XInv+9tkPrxrN8jUUTiFlDkkmKWgn1M6CfIA13SuGqOa9Korw=="
  "resolved" "https://registry.npmjs.org/signal-exit/-/signal-exit-4.1.0.tgz"
  "version" "4.1.0"

"string-width@^4.1.0", "string-width@^4.2.0":
  "integrity" "sha512-wKyQRQpjJ0sIp62ErSZdGsjMJWsap5oRNihHhu6G7JVO/9jIB6UyevL+tXuOqrng8j/cxKTWyWUwvSTriiZz/g=="
  "resolved" "https://registry.npmjs.org/string-width/-/string-width-4.2.3.tgz"
  "version" "4.2.3"
  dependencies:
    "emoji-regex" "^8.0.0"
    "is-fullwidth-code-point" "^3.0.0"
    "strip-ansi" "^6.0.1"

"strip-ansi@^6.0.0", "strip-ansi@^6.0.1":
  "integrity" "sha512-Y38VPSHcqkFrCpFnQ9vuSXmquuv5oXOKpGeT6aGrr3o3Gc9AlVa6JBfUSOCnbxGGZF+/0ooI7KrPuUSztUdU5A=="
  "resolved" "https://registry.npmjs.org/strip-ansi/-/strip-ansi-6.0.1.tgz"
  "version" "6.0.1"
  dependencies:
    "ansi-regex" "^5.0.1"

"supports-color@^7.1.0":
  "integrity" "sha512-qpCAvRl9stuOHveKsn7HncJRvv501qIacKzQlO/+Lwxc9+0q2wLyv4Dfvt80/DPn2pqOBsJdDiogXGR9+OvwRw=="
  "resolved" "https://registry.npmjs.org/supports-color/-/supports-color-7.2.0.tgz"
  "version" "7.2.0"
  dependencies:
    "has-flag" "^4.0.0"

"supports-preserve-symlinks-flag@^1.0.0":
  "integrity" "sha512-ot0WnXS9fgdkgIcePe6RHNk1WA8+muPa6cSjeR3V8K27q9BB1rTE3R1p7Hv0z1ZyAc8s6Vvv8DIyWf681MAt0w=="
  "resolved" "https://registry.npmjs.org/supports-preserve-symlinks-flag/-/supports-preserve-symlinks-flag-1.0.0.tgz"
  "version" "1.0.0"

"tmp@^0.0.33":
  "integrity" "sha512-jRCJlojKnZ3addtTOjdIqoRuPEKBvNXcGYqzO6zWZX8KfKEpnGY5jfggJQ3EjKuu8D4bJRr0y+cYJFmYbImXGw=="
  "resolved" "https://registry.npmjs.org/tmp/-/tmp-0.0.33.tgz"
  "version" "0.0.33"
  dependencies:
    "os-tmpdir" "~1.0.2"

"tslib@^2.1.0":
  "integrity" "sha512-gLXCKdN1/j47AiHiOkJN69hJmcbGTHI0ImLmbYLHykhgeN0jVGola9yVjFgzCUklsZQMW55o+dW7IXv3RCXDzA=="
  "resolved" "https://registry.npmjs.org/tslib/-/tslib-2.7.0.tgz"
  "version" "2.7.0"

"type-fest@^0.21.3":
  "integrity" "sha512-t0rzBq87m3fVcduHDUFhKmyyX+9eo6WQjZvf51Ea/M0Q7+T374Jp1aUiyUl0GKxp8M/OETVHSDvmkyPgvX+X2w=="
  "resolved" "https://registry.npmjs.org/type-fest/-/type-fest-0.21.3.tgz"
  "version" "0.21.3"

"undici-types@~6.19.2":
  "integrity" "sha512-ve2KP6f/JnbPBFyobGHuerC9g1FYGn/F8n1LWTwNxCEzd6IfqTwUQcNXgEtmmQ6DlRrC1hrSrBnCZPokRrDHjw=="
  "resolved" "https://registry.npmjs.org/undici-types/-/undici-types-6.19.8.tgz"
  "version" "6.19.8"

"wrap-ansi@^6.2.0":
  "integrity" "sha512-r6lPcBGxZXlIcymEu7InxDMhdW0KDxpLgoFLcguasxCaJ/SOIZwINatK9KY/tf+ZrlywOKU0UDj3ATXUBfxJXA=="
  "resolved" "https://registry.npmjs.org/wrap-ansi/-/wrap-ansi-6.2.0.tgz"
  "version" "6.2.0"
  dependencies:
    "ansi-styles" "^4.0.0"
    "string-width" "^4.1.0"
    "strip-ansi" "^6.0.0"

"wrap-ansi@^7.0.0":
  "integrity" "sha512-YVGIj2kamLSTxw6NsZjoBxfSwsn0ycdesmc4p+Q21c5zPuZ1pl+NfxVdxPtdHvmNVOQ6XSYG4AUtyt/Fi7D16Q=="
  "resolved" "https://registry.npmjs.org/wrap-ansi/-/wrap-ansi-7.0.0.tgz"
  "version" "7.0.0"
  dependencies:
    "ansi-styles" "^4.0.0"
    "string-width" "^4.1.0"
    "strip-ansi" "^6.0.0"

"wrappy@1":
  "integrity" "sha512-l4Sp/DRseor9wL6EvV2+TuQn63dMkPjZ/sp9XkghTEbV9KlPS1xUsZ3u7/IQO4wxtcFB4bgpQPRcR3QCvezPcQ=="
  "resolved" "https://registry.npmjs.org/wrappy/-/wrappy-1.0.2.tgz"
  "version" "1.0.2"

"y18n@^5.0.5":
  "integrity" "sha512-0pfFzegeDWJHJIAmTLRP2DwHjdF5s7jo9tuztdQxAhINCdvS+3nGINqPd00AphqJR/0LhANUS6/+7SCb98YOfA=="
  "resolved" "https://registry.npmjs.org/y18n/-/y18n-5.0.8.tgz"
  "version" "5.0.8"

"yargs-parser@^20.2.2":
  "integrity" "sha512-y11nGElTIV+CT3Zv9t7VKl+Q3hTQoT9a1Qzezhhl6Rp21gJ/IVTW7Z3y9EWXhuUBC2Shnf+DX0antecpAwSP8w=="
  "resolved" "https://registry.npmjs.org/yargs-parser/-/yargs-parser-20.2.9.tgz"
  "version" "20.2.9"

"yargs@^16.2.0":
  "integrity" "sha512-D1mvvtDG0L5ft/jGWkLpG1+m0eQxOfaBvTNELraWj22wSVUMWxZUvYgJYcKh6jGGIkJFhH4IZPQhR4TKpc8mBw=="
  "resolved" "https://registry.npmjs.org/yargs/-/yargs-16.2.0.tgz"
  "version" "16.2.0"
  dependencies:
    "cliui" "^7.0.2"
    "escalade" "^3.1.1"
    "get-caller-file" "^2.0.5"
    "require-directory" "^2.1.1"
    "string-width" "^4.2.0"
    "y18n" "^5.0.5"
    "yargs-parser" "^20.2.2"

"yoctocolors-cjs@^2.1.2":
  "integrity" "sha512-cYVsTjKl8b+FrnidjibDWskAv7UKOfcwaVZdp/it9n1s9fU3IkgDbhdIRKCW4JDsAlECJY0ytoVPT3sK6kideA=="
  "resolved" "https://registry.npmjs.org/yoctocolors-cjs/-/yoctocolors-cjs-2.1.2.tgz"
  "version" "2.1.2"
